
Microsoft Visual Studio Solution File, Format Version 12.00
# Visual Studio Version 17
VisualStudioVersion = 17.5.33502.453
MinimumVisualStudioVersion = 10.0.40219.1
Project("{FAE04EC0-301F-11D3-BF4B-00C04F79EFBC}") = "PROJETO", "PROJETO\PROJETO.csproj", "{740DE732-49D7-44A8-8806-9F85E352FFBF}"
EndProject
Global
	GlobalSection(SolutionConfigurationPlatforms) = preSolution
		Debug|Any CPU = Debug|Any CPU
		Release|Any CPU = Release|Any CPU
	EndGlobalSection
	GlobalSection(ProjectConfigurationPlatforms) = postSolution
		{740DE732-49D7-44A8-8806-9F85E352FFBF}.Debug|Any CPU.ActiveCfg = Debug|Any CPU
		{740DE732-49D7-44A8-8806-9F85E352FFBF}.Debug|Any CPU.Build.0 = Debug|Any CPU
		{740DE732-49D7-44A8-8806-9F85E352FFBF}.Release|Any CPU.ActiveCfg = Release|Any CPU
		{740DE732-49D7-44A8-8806-9F85E352FFBF}.Release|Any CPU.Build.0 = Release|Any CPU
	EndGlobalSection
	GlobalSection(SolutionProperties) = preSolution
		HideSolutionNode = FALSE
	EndGlobalSection
	GlobalSection(ExtensibilityGlobals) = postSolution
		SolutionGuid = {8101B130-6933-4700-ADD3-C941F20B6C7B}
	EndGlobalSection
EndGlobal
